
Microsoft Visual Studio Solution File, Format Version 12.00
# Visual Studio Version 17
VisualStudioVersion = 17.5.33530.505
MinimumVisualStudioVersion = 10.0.40219.1
Project("{9A19103F-16F7-4668-BE54-9A1E7A4F7556}") = "Blog-Page.UI", "Blog-Page\Blog-Page.UI.csproj", "{EBEE9C55-CF07-4319-B33F-A72E6DF9F8FD}"
EndProject
Project("{9A19103F-16F7-4668-BE54-9A1E7A4F7556}") = "Blog-Page.API", "Blog-Page.API\Blog-Page.API.csproj", "{8FC60C07-2867-4878-8B42-A243F5BED6FE}"
EndProject
Project("{2150E333-8FDC-42A3-9474-1A3956D46DE8}") = "Presentation", "Presentation", "{86E9C885-0D1F-45F7-BB0A-336243E9E6A4}"
EndProject
Project("{2150E333-8FDC-42A3-9474-1A3956D46DE8}") = "Api", "Api", "{725FD794-413E-44E2-B147-CEC3866B5D53}"
EndProject
Project("{2150E333-8FDC-42A3-9474-1A3956D46DE8}") = "Persistance", "Persistance", "{AD490B8E-11DC-45FE-A274-C82FC22E4504}"
EndProject
Project("{2150E333-8FDC-42A3-9474-1A3956D46DE8}") = "Domain", "Domain", "{86A60765-4024-451A-9CBE-E9C200C8402E}"
EndProject
Project("{2150E333-8FDC-42A3-9474-1A3956D46DE8}") = "Service", "Service", "{65A866DB-4401-4157-A6C0-DB64EC8DC1A2}"
EndProject
Project("{2150E333-8FDC-42A3-9474-1A3956D46DE8}") = "Core", "Core", "{8DB386B1-0BAF-4390-B8CD-D8ABA589594A}"
EndProject
Project("{FAE04EC0-301F-11D3-BF4B-00C04F79EFBC}") = "Blog-Page.Persistance", "Blog-Page.Persistance\Blog-Page.Persistance.csproj", "{4E85B45C-1200-49C3-92C3-4D16F10CBF6C}"
EndProject
Project("{FAE04EC0-301F-11D3-BF4B-00C04F79EFBC}") = "Blog-Page.Domain", "Blog-Page.Domain\Blog-Page.Domain.csproj", "{5AC63C84-579A-4510-82D3-C2D9D171E797}"
EndProject
Project("{2150E333-8FDC-42A3-9474-1A3956D46DE8}") = "Infrastructure", "Infrastructure", "{474B5990-8BE7-4E54-89CA-92454465C62F}"
EndProject
Project("{FAE04EC0-301F-11D3-BF4B-00C04F79EFBC}") = "Blog-Page.Infrastructure", "Blog-Page.Infrastructure\Blog-Page.Infrastructure.csproj", "{A4C3F8FD-6B3F-4D78-956D-8CFCD576C7D0}"
EndProject
Global
	GlobalSection(SolutionConfigurationPlatforms) = preSolution
		Debug|Any CPU = Debug|Any CPU
		Release|Any CPU = Release|Any CPU
	EndGlobalSection
	GlobalSection(ProjectConfigurationPlatforms) = postSolution
		{EBEE9C55-CF07-4319-B33F-A72E6DF9F8FD}.Debug|Any CPU.ActiveCfg = Debug|Any CPU
		{EBEE9C55-CF07-4319-B33F-A72E6DF9F8FD}.Debug|Any CPU.Build.0 = Debug|Any CPU
		{EBEE9C55-CF07-4319-B33F-A72E6DF9F8FD}.Release|Any CPU.ActiveCfg = Release|Any CPU
		{EBEE9C55-CF07-4319-B33F-A72E6DF9F8FD}.Release|Any CPU.Build.0 = Release|Any CPU
		{8FC60C07-2867-4878-8B42-A243F5BED6FE}.Debug|Any CPU.ActiveCfg = Debug|Any CPU
		{8FC60C07-2867-4878-8B42-A243F5BED6FE}.Debug|Any CPU.Build.0 = Debug|Any CPU
		{8FC60C07-2867-4878-8B42-A243F5BED6FE}.Release|Any CPU.ActiveCfg = Release|Any CPU
		{8FC60C07-2867-4878-8B42-A243F5BED6FE}.Release|Any CPU.Build.0 = Release|Any CPU
		{4E85B45C-1200-49C3-92C3-4D16F10CBF6C}.Debug|Any CPU.ActiveCfg = Debug|Any CPU
		{4E85B45C-1200-49C3-92C3-4D16F10CBF6C}.Debug|Any CPU.Build.0 = Debug|Any CPU
		{4E85B45C-1200-49C3-92C3-4D16F10CBF6C}.Release|Any CPU.ActiveCfg = Release|Any CPU
		{4E85B45C-1200-49C3-92C3-4D16F10CBF6C}.Release|Any CPU.Build.0 = Release|Any CPU
		{5AC63C84-579A-4510-82D3-C2D9D171E797}.Debug|Any CPU.ActiveCfg = Debug|Any CPU
		{5AC63C84-579A-4510-82D3-C2D9D171E797}.Debug|Any CPU.Build.0 = Debug|Any CPU
		{5AC63C84-579A-4510-82D3-C2D9D171E797}.Release|Any CPU.ActiveCfg = Release|Any CPU
		{5AC63C84-579A-4510-82D3-C2D9D171E797}.Release|Any CPU.Build.0 = Release|Any CPU
		{A4C3F8FD-6B3F-4D78-956D-8CFCD576C7D0}.Debug|Any CPU.ActiveCfg = Debug|Any CPU
		{A4C3F8FD-6B3F-4D78-956D-8CFCD576C7D0}.Debug|Any CPU.Build.0 = Debug|Any CPU
		{A4C3F8FD-6B3F-4D78-956D-8CFCD576C7D0}.Release|Any CPU.ActiveCfg = Release|Any CPU
		{A4C3F8FD-6B3F-4D78-956D-8CFCD576C7D0}.Release|Any CPU.Build.0 = Release|Any CPU
	EndGlobalSection
	GlobalSection(SolutionProperties) = preSolution
		HideSolutionNode = FALSE
	EndGlobalSection
	GlobalSection(NestedProjects) = preSolution
		{EBEE9C55-CF07-4319-B33F-A72E6DF9F8FD} = {86E9C885-0D1F-45F7-BB0A-336243E9E6A4}
		{8FC60C07-2867-4878-8B42-A243F5BED6FE} = {725FD794-413E-44E2-B147-CEC3866B5D53}
		{4E85B45C-1200-49C3-92C3-4D16F10CBF6C} = {AD490B8E-11DC-45FE-A274-C82FC22E4504}
		{5AC63C84-579A-4510-82D3-C2D9D171E797} = {86A60765-4024-451A-9CBE-E9C200C8402E}
		{A4C3F8FD-6B3F-4D78-956D-8CFCD576C7D0} = {474B5990-8BE7-4E54-89CA-92454465C62F}
	EndGlobalSection
	GlobalSection(ExtensibilityGlobals) = postSolution
		SolutionGuid = {25DBEEEF-3212-4B83-84B4-E3D1A56D4DD2}
	EndGlobalSection
EndGlobal
